
Microsoft Visual Studio Solution File, Format Version 12.00
# Visual Studio Version 17
VisualStudioVersion = 17.1.32421.90
MinimumVisualStudioVersion = 10.0.40219.1
Project("{9A19103F-16F7-4668-BE54-9A1E7A4F7556}") = "0-Conditionals", "BTK_ConsoleApplication\0-Conditionals.csproj", "{FA1E4ECC-A29E-41F6-AA66-1E1F8DADBDD9}"
EndProject
Project("{9A19103F-16F7-4668-BE54-9A1E7A4F7556}") = "1-Methods", "BTK_ConsoleApplication_2\1-Methods.csproj", "{FB12A975-3594-4135-8EAA-AB895920CE40}"
EndProject
Project("{9A19103F-16F7-4668-BE54-9A1E7A4F7556}") = "2-Arrays", "2-Arrays\2-Arrays.csproj", "{A63C85E4-92F6-43D6-A858-165BC6170B14}"
EndProject
Project("{9A19103F-16F7-4668-BE54-9A1E7A4F7556}") = "3-Loops", "Loops\3-Loops.csproj", "{EF0484E4-04CB-4B66-BC0D-A07314753466}"
EndProject
Project("{9A19103F-16F7-4668-BE54-9A1E7A4F7556}") = "4-Strings", "4-Strings\4-Strings.csproj", "{386FECA2-9118-4D32-901F-5F0B93601581}"
EndProject
Project("{9A19103F-16F7-4668-BE54-9A1E7A4F7556}") = "5-Classes", "5-Classes\5-Classes.csproj", "{5ACFEB15-5354-4BE4-8178-5F2B44083BC8}"
EndProject
Project("{FAE04EC0-301F-11D3-BF4B-00C04F79EFBC}") = "6-RecapDemo", "RecapDemo\6-RecapDemo.csproj", "{11CE5308-41CB-478D-A8E5-0D516977F0E1}"
EndProject
Project("{9A19103F-16F7-4668-BE54-9A1E7A4F7556}") = "7-Interfaces", "7-Interfaces\7-Interfaces.csproj", "{DA836821-FF93-4F0C-BB12-04AAB0BB4EBD}"
EndProject
Project("{9A19103F-16F7-4668-BE54-9A1E7A4F7556}") = "8-InterfacesDemo", "8-InterfacesDemo\8-InterfacesDemo.csproj", "{D9FF3D3C-6B71-42B9-AC61-2890DD64EC56}"
EndProject
Project("{9A19103F-16F7-4668-BE54-9A1E7A4F7556}") = "9-Inheritance", "9-Inheritance\9-Inheritance.csproj", "{311A7F42-4393-425C-86F5-62FAD7D95364}"
EndProject
Project("{FAE04EC0-301F-11D3-BF4B-00C04F79EFBC}") = "10-VirtualMethods", "10-VirtualMethods\10-VirtualMethods.csproj", "{D66F3DF8-216E-4648-BC60-E9E91C9B1AC8}"
EndProject
Project("{FAE04EC0-301F-11D3-BF4B-00C04F79EFBC}") = "11-AbstractClasses", "11-AbstractClasses\11-AbstractClasses.csproj", "{F3D0039E-38EE-4BA8-85B2-C55C825E2FD6}"
EndProject
Project("{FAE04EC0-301F-11D3-BF4B-00C04F79EFBC}") = "12-RecapDemo2", "12-RecapDemo2\12-RecapDemo2.csproj", "{8DA2E963-980B-441A-B8D5-3B8BC81CA161}"
EndProject
Project("{9A19103F-16F7-4668-BE54-9A1E7A4F7556}") = "13-AccessModifiers", "13-AccesModifiers\13-AccessModifiers.csproj", "{B1D70890-04C2-4829-8520-6D5CA3B06EE5}"
EndProject
Project("{9A19103F-16F7-4668-BE54-9A1E7A4F7556}") = "14-AccessModifiersDemo", "14-AccessModifiersDemo\14-AccessModifiersDemo.csproj", "{30C0DF59-129A-44DE-964D-2932CD1AFB0A}"
EndProject
Project("{9A19103F-16F7-4668-BE54-9A1E7A4F7556}") = "15-Constructors", "15-Constructors\15-Constructors.csproj", "{2215FC4D-CC9E-4749-9423-BA3701855E62}"
EndProject
Project("{9A19103F-16F7-4668-BE54-9A1E7A4F7556}") = "16-ReferenceAndValueType", "16-ReferenceAndValueType\16-ReferenceAndValueType.csproj", "{6C19505A-3A2F-4BD9-945A-94F01F320512}"
EndProject
Project("{9A19103F-16F7-4668-BE54-9A1E7A4F7556}") = "17-Collections", "17-Collections\17-Collections.csproj", "{5F92BAF1-FC2E-4B87-B7D6-313679286224}"
EndProject
Project("{9A19103F-16F7-4668-BE54-9A1E7A4F7556}") = "18-Exceptions", "18-Exceptions\18-Exceptions.csproj", "{CD1701A5-ECCB-4BEE-A9C0-6BE073FEDC69}"
EndProject
Project("{FAE04EC0-301F-11D3-BF4B-00C04F79EFBC}") = "19-Generics", "19-Generics\19-Generics.csproj", "{02C3538A-971C-4AB6-A681-2BC61F6704AC}"
EndProject
Project("{FAE04EC0-301F-11D3-BF4B-00C04F79EFBC}") = "20-Attributes", "20-Attributes\20-Attributes.csproj", "{D6F5915C-45F8-4E2D-ABAB-5A297C46A104}"
EndProject
Project("{FAE04EC0-301F-11D3-BF4B-00C04F79EFBC}") = "21-Reflections", "21-Reflections\21-Reflections.csproj", "{C0D842AE-8270-485C-AE55-FDE5CC2F5FF6}"
EndProject
Project("{FAE04EC0-301F-11D3-BF4B-00C04F79EFBC}") = "22-Delegates", "22-Delegates\22-Delegates.csproj", "{90B0695C-50A7-46B9-B818-98C537D32F5E}"
EndProject
Project("{FAE04EC0-301F-11D3-BF4B-00C04F79EFBC}") = "23-Events", "23-Events\23-Events.csproj", "{FD9287D6-8AA2-45A4-94C1-1F2209F18F15}"
EndProject
Project("{FAE04EC0-301F-11D3-BF4B-00C04F79EFBC}") = "24-Singleton", "24-Singleton\24-Singleton.csproj", "{3BE09DB2-542A-464F-8591-86C1D98041BA}"
EndProject
Project("{FAE04EC0-301F-11D3-BF4B-00C04F79EFBC}") = "25-FactoryMethod", "25-FactoryMethod\25-FactoryMethod.csproj", "{AA017C66-59A7-420C-91C9-6442F000B531}"
EndProject
Project("{FAE04EC0-301F-11D3-BF4B-00C04F79EFBC}") = "26-AbstractFactory", "26-AbstractFactory\26-AbstractFactory.csproj", "{68CD29B6-CEF8-42F0-9D37-C74F42154ED6}"
EndProject
Project("{FAE04EC0-301F-11D3-BF4B-00C04F79EFBC}") = "27-Prototype", "27-Prototype\27-Prototype.csproj", "{29C73E73-0C1D-4751-A779-FEFC772825FD}"
EndProject
Project("{FAE04EC0-301F-11D3-BF4B-00C04F79EFBC}") = "28-Builder", "28-Builder\28-Builder.csproj", "{3CA0CA72-5F95-46BC-A8B6-43F673C0E6D3}"
EndProject
Project("{FAE04EC0-301F-11D3-BF4B-00C04F79EFBC}") = "29-Facade", "29-Facade\29-Facade.csproj", "{C49998EC-A0CF-4CB2-88AF-1743B0A9B7CD}"
EndProject
Project("{FAE04EC0-301F-11D3-BF4B-00C04F79EFBC}") = "30-Adapter", "30-Adapter\30-Adapter.csproj", "{3C7E22EB-5159-494D-8D6F-79DA9743E1F6}"
EndProject
Project("{FAE04EC0-301F-11D3-BF4B-00C04F79EFBC}") = "31-Composite", "31-Composite\31-Composite.csproj", "{7ABB4CAB-54E2-4568-A960-69FE6A8F559C}"
EndProject
Project("{FAE04EC0-301F-11D3-BF4B-00C04F79EFBC}") = "32-Proxy", "32-Proxy\32-Proxy.csproj", "{5BDD5C0C-5AE7-4CA6-A244-46EF1B1B8964}"
EndProject
Project("{FAE04EC0-301F-11D3-BF4B-00C04F79EFBC}") = "33-Decorator", "33-Decorator\33-Decorator.csproj", "{7D6C1DC9-CC53-46D1-9E5A-669F88986169}"
EndProject
Project("{FAE04EC0-301F-11D3-BF4B-00C04F79EFBC}") = "34-Bridge", "34-Bridge\34-Bridge.csproj", "{E36744F4-BB55-4FD9-8A36-939CEA088076}"
EndProject
Project("{FAE04EC0-301F-11D3-BF4B-00C04F79EFBC}") = "35-Strategy", "35-Strategy\35-Strategy.csproj", "{1C077B0A-A5B3-4A3E-9192-772539445FD6}"
EndProject
Project("{FAE04EC0-301F-11D3-BF4B-00C04F79EFBC}") = "36-Observer", "36-Observer\36-Observer.csproj", "{A6B244F1-085A-4AA0-A8B6-C1748F522112}"
EndProject
Project("{FAE04EC0-301F-11D3-BF4B-00C04F79EFBC}") = "37-ChainOfReponsibility", "37-ChainOfReponsibility\37-ChainOfReponsibility.csproj", "{1E01AAFA-1FB3-4639-BD46-1CF76A09B92A}"
EndProject
Project("{FAE04EC0-301F-11D3-BF4B-00C04F79EFBC}") = "38-Memento", "38-Memento\38-Memento.csproj", "{8FAF9F10-3C87-4639-BA04-07469CE0C86F}"
EndProject
Project("{FAE04EC0-301F-11D3-BF4B-00C04F79EFBC}") = "39-TemplateMethod", "39-TemplateMethod\39-TemplateMethod.csproj", "{CA1F44AD-C9EC-4AFA-968D-37A48FA03429}"
EndProject
Project("{FAE04EC0-301F-11D3-BF4B-00C04F79EFBC}") = "40-State", "40-State\40-State.csproj", "{9C731E37-55B9-4575-A1DC-6F845F67776A}"
EndProject
Project("{FAE04EC0-301F-11D3-BF4B-00C04F79EFBC}") = "41-Mediator", "41-Mediator\41-Mediator.csproj", "{0C8F48D6-63CB-4628-AFA5-350823B6E7E4}"
EndProject
Project("{FAE04EC0-301F-11D3-BF4B-00C04F79EFBC}") = "42-Command", "42-Command\42-Command.csproj", "{030D55CD-4F1F-41E2-93A0-66A816B118DE}"
EndProject
Project("{FAE04EC0-301F-11D3-BF4B-00C04F79EFBC}") = "43-Visitor", "43-Visitor\43-Visitor.csproj", "{74FAFEB3-20C5-47AC-A08C-B1D5DD7D771C}"
EndProject
Global
	GlobalSection(SolutionConfigurationPlatforms) = preSolution
		Debug|Any CPU = Debug|Any CPU
		Release|Any CPU = Release|Any CPU
	EndGlobalSection
	GlobalSection(ProjectConfigurationPlatforms) = postSolution
		{FA1E4ECC-A29E-41F6-AA66-1E1F8DADBDD9}.Debug|Any CPU.ActiveCfg = Debug|Any CPU
		{FA1E4ECC-A29E-41F6-AA66-1E1F8DADBDD9}.Debug|Any CPU.Build.0 = Debug|Any CPU
		{FA1E4ECC-A29E-41F6-AA66-1E1F8DADBDD9}.Release|Any CPU.ActiveCfg = Release|Any CPU
		{FA1E4ECC-A29E-41F6-AA66-1E1F8DADBDD9}.Release|Any CPU.Build.0 = Release|Any CPU
		{FB12A975-3594-4135-8EAA-AB895920CE40}.Debug|Any CPU.ActiveCfg = Debug|Any CPU
		{FB12A975-3594-4135-8EAA-AB895920CE40}.Debug|Any CPU.Build.0 = Debug|Any CPU
		{FB12A975-3594-4135-8EAA-AB895920CE40}.Release|Any CPU.ActiveCfg = Release|Any CPU
		{FB12A975-3594-4135-8EAA-AB895920CE40}.Release|Any CPU.Build.0 = Release|Any CPU
		{A63C85E4-92F6-43D6-A858-165BC6170B14}.Debug|Any CPU.ActiveCfg = Debug|Any CPU
		{A63C85E4-92F6-43D6-A858-165BC6170B14}.Debug|Any CPU.Build.0 = Debug|Any CPU
		{A63C85E4-92F6-43D6-A858-165BC6170B14}.Release|Any CPU.ActiveCfg = Release|Any CPU
		{A63C85E4-92F6-43D6-A858-165BC6170B14}.Release|Any CPU.Build.0 = Release|Any CPU
		{EF0484E4-04CB-4B66-BC0D-A07314753466}.Debug|Any CPU.ActiveCfg = Debug|Any CPU
		{EF0484E4-04CB-4B66-BC0D-A07314753466}.Debug|Any CPU.Build.0 = Debug|Any CPU
		{EF0484E4-04CB-4B66-BC0D-A07314753466}.Release|Any CPU.ActiveCfg = Release|Any CPU
		{EF0484E4-04CB-4B66-BC0D-A07314753466}.Release|Any CPU.Build.0 = Release|Any CPU
		{386FECA2-9118-4D32-901F-5F0B93601581}.Debug|Any CPU.ActiveCfg = Debug|Any CPU
		{386FECA2-9118-4D32-901F-5F0B93601581}.Debug|Any CPU.Build.0 = Debug|Any CPU
		{386FECA2-9118-4D32-901F-5F0B93601581}.Release|Any CPU.ActiveCfg = Release|Any CPU
		{386FECA2-9118-4D32-901F-5F0B93601581}.Release|Any CPU.Build.0 = Release|Any CPU
		{5ACFEB15-5354-4BE4-8178-5F2B44083BC8}.Debug|Any CPU.ActiveCfg = Debug|Any CPU
		{5ACFEB15-5354-4BE4-8178-5F2B44083BC8}.Debug|Any CPU.Build.0 = Debug|Any CPU
		{5ACFEB15-5354-4BE4-8178-5F2B44083BC8}.Release|Any CPU.ActiveCfg = Release|Any CPU
		{5ACFEB15-5354-4BE4-8178-5F2B44083BC8}.Release|Any CPU.Build.0 = Release|Any CPU
		{11CE5308-41CB-478D-A8E5-0D516977F0E1}.Debug|Any CPU.ActiveCfg = Debug|Any CPU
		{11CE5308-41CB-478D-A8E5-0D516977F0E1}.Debug|Any CPU.Build.0 = Debug|Any CPU
		{11CE5308-41CB-478D-A8E5-0D516977F0E1}.Release|Any CPU.ActiveCfg = Release|Any CPU
		{11CE5308-41CB-478D-A8E5-0D516977F0E1}.Release|Any CPU.Build.0 = Release|Any CPU
		{DA836821-FF93-4F0C-BB12-04AAB0BB4EBD}.Debug|Any CPU.ActiveCfg = Debug|Any CPU
		{DA836821-FF93-4F0C-BB12-04AAB0BB4EBD}.Debug|Any CPU.Build.0 = Debug|Any CPU
		{DA836821-FF93-4F0C-BB12-04AAB0BB4EBD}.Release|Any CPU.ActiveCfg = Release|Any CPU
		{DA836821-FF93-4F0C-BB12-04AAB0BB4EBD}.Release|Any CPU.Build.0 = Release|Any CPU
		{D9FF3D3C-6B71-42B9-AC61-2890DD64EC56}.Debug|Any CPU.ActiveCfg = Debug|Any CPU
		{D9FF3D3C-6B71-42B9-AC61-2890DD64EC56}.Debug|Any CPU.Build.0 = Debug|Any CPU
		{D9FF3D3C-6B71-42B9-AC61-2890DD64EC56}.Release|Any CPU.ActiveCfg = Release|Any CPU
		{D9FF3D3C-6B71-42B9-AC61-2890DD64EC56}.Release|Any CPU.Build.0 = Release|Any CPU
		{311A7F42-4393-425C-86F5-62FAD7D95364}.Debug|Any CPU.ActiveCfg = Debug|Any CPU
		{311A7F42-4393-425C-86F5-62FAD7D95364}.Debug|Any CPU.Build.0 = Debug|Any CPU
		{311A7F42-4393-425C-86F5-62FAD7D95364}.Release|Any CPU.ActiveCfg = Release|Any CPU
		{311A7F42-4393-425C-86F5-62FAD7D95364}.Release|Any CPU.Build.0 = Release|Any CPU
		{D66F3DF8-216E-4648-BC60-E9E91C9B1AC8}.Debug|Any CPU.ActiveCfg = Debug|Any CPU
		{D66F3DF8-216E-4648-BC60-E9E91C9B1AC8}.Debug|Any CPU.Build.0 = Debug|Any CPU
		{D66F3DF8-216E-4648-BC60-E9E91C9B1AC8}.Release|Any CPU.ActiveCfg = Release|Any CPU
		{D66F3DF8-216E-4648-BC60-E9E91C9B1AC8}.Release|Any CPU.Build.0 = Release|Any CPU
		{F3D0039E-38EE-4BA8-85B2-C55C825E2FD6}.Debug|Any CPU.ActiveCfg = Debug|Any CPU
		{F3D0039E-38EE-4BA8-85B2-C55C825E2FD6}.Debug|Any CPU.Build.0 = Debug|Any CPU
		{F3D0039E-38EE-4BA8-85B2-C55C825E2FD6}.Release|Any CPU.ActiveCfg = Release|Any CPU
		{F3D0039E-38EE-4BA8-85B2-C55C825E2FD6}.Release|Any CPU.Build.0 = Release|Any CPU
		{8DA2E963-980B-441A-B8D5-3B8BC81CA161}.Debug|Any CPU.ActiveCfg = Debug|Any CPU
		{8DA2E963-980B-441A-B8D5-3B8BC81CA161}.Debug|Any CPU.Build.0 = Debug|Any CPU
		{8DA2E963-980B-441A-B8D5-3B8BC81CA161}.Release|Any CPU.ActiveCfg = Release|Any CPU
		{8DA2E963-980B-441A-B8D5-3B8BC81CA161}.Release|Any CPU.Build.0 = Release|Any CPU
		{B1D70890-04C2-4829-8520-6D5CA3B06EE5}.Debug|Any CPU.ActiveCfg = Debug|Any CPU
		{B1D70890-04C2-4829-8520-6D5CA3B06EE5}.Debug|Any CPU.Build.0 = Debug|Any CPU
		{B1D70890-04C2-4829-8520-6D5CA3B06EE5}.Release|Any CPU.ActiveCfg = Release|Any CPU
		{B1D70890-04C2-4829-8520-6D5CA3B06EE5}.Release|Any CPU.Build.0 = Release|Any CPU
		{30C0DF59-129A-44DE-964D-2932CD1AFB0A}.Debug|Any CPU.ActiveCfg = Debug|Any CPU
		{30C0DF59-129A-44DE-964D-2932CD1AFB0A}.Debug|Any CPU.Build.0 = Debug|Any CPU
		{30C0DF59-129A-44DE-964D-2932CD1AFB0A}.Release|Any CPU.ActiveCfg = Release|Any CPU
		{30C0DF59-129A-44DE-964D-2932CD1AFB0A}.Release|Any CPU.Build.0 = Release|Any CPU
		{2215FC4D-CC9E-4749-9423-BA3701855E62}.Debug|Any CPU.ActiveCfg = Debug|Any CPU
		{2215FC4D-CC9E-4749-9423-BA3701855E62}.Debug|Any CPU.Build.0 = Debug|Any CPU
		{2215FC4D-CC9E-4749-9423-BA3701855E62}.Release|Any CPU.ActiveCfg = Release|Any CPU
		{2215FC4D-CC9E-4749-9423-BA3701855E62}.Release|Any CPU.Build.0 = Release|Any CPU
		{6C19505A-3A2F-4BD9-945A-94F01F320512}.Debug|Any CPU.ActiveCfg = Debug|Any CPU
		{6C19505A-3A2F-4BD9-945A-94F01F320512}.Debug|Any CPU.Build.0 = Debug|Any CPU
		{6C19505A-3A2F-4BD9-945A-94F01F320512}.Release|Any CPU.ActiveCfg = Release|Any CPU
		{6C19505A-3A2F-4BD9-945A-94F01F320512}.Release|Any CPU.Build.0 = Release|Any CPU
		{5F92BAF1-FC2E-4B87-B7D6-313679286224}.Debug|Any CPU.ActiveCfg = Debug|Any CPU
		{5F92BAF1-FC2E-4B87-B7D6-313679286224}.Debug|Any CPU.Build.0 = Debug|Any CPU
		{5F92BAF1-FC2E-4B87-B7D6-313679286224}.Release|Any CPU.ActiveCfg = Release|Any CPU
		{5F92BAF1-FC2E-4B87-B7D6-313679286224}.Release|Any CPU.Build.0 = Release|Any CPU
		{CD1701A5-ECCB-4BEE-A9C0-6BE073FEDC69}.Debug|Any CPU.ActiveCfg = Debug|Any CPU
		{CD1701A5-ECCB-4BEE-A9C0-6BE073FEDC69}.Debug|Any CPU.Build.0 = Debug|Any CPU
		{CD1701A5-ECCB-4BEE-A9C0-6BE073FEDC69}.Release|Any CPU.ActiveCfg = Release|Any CPU
		{CD1701A5-ECCB-4BEE-A9C0-6BE073FEDC69}.Release|Any CPU.Build.0 = Release|Any CPU
		{CA8E2D88-34CF-4FC5-9424-B363938CFC44}.Debug|Any CPU.ActiveCfg = Debug|Any CPU
		{CA8E2D88-34CF-4FC5-9424-B363938CFC44}.Debug|Any CPU.Build.0 = Debug|Any CPU
		{CA8E2D88-34CF-4FC5-9424-B363938CFC44}.Release|Any CPU.ActiveCfg = Release|Any CPU
		{CA8E2D88-34CF-4FC5-9424-B363938CFC44}.Release|Any CPU.Build.0 = Release|Any CPU
		{02C3538A-971C-4AB6-A681-2BC61F6704AC}.Debug|Any CPU.ActiveCfg = Debug|Any CPU
		{02C3538A-971C-4AB6-A681-2BC61F6704AC}.Debug|Any CPU.Build.0 = Debug|Any CPU
		{02C3538A-971C-4AB6-A681-2BC61F6704AC}.Release|Any CPU.ActiveCfg = Release|Any CPU
		{02C3538A-971C-4AB6-A681-2BC61F6704AC}.Release|Any CPU.Build.0 = Release|Any CPU
		{D6F5915C-45F8-4E2D-ABAB-5A297C46A104}.Debug|Any CPU.ActiveCfg = Debug|Any CPU
		{D6F5915C-45F8-4E2D-ABAB-5A297C46A104}.Debug|Any CPU.Build.0 = Debug|Any CPU
		{D6F5915C-45F8-4E2D-ABAB-5A297C46A104}.Release|Any CPU.ActiveCfg = Release|Any CPU
		{D6F5915C-45F8-4E2D-ABAB-5A297C46A104}.Release|Any CPU.Build.0 = Release|Any CPU
		{C0D842AE-8270-485C-AE55-FDE5CC2F5FF6}.Debug|Any CPU.ActiveCfg = Debug|Any CPU
		{C0D842AE-8270-485C-AE55-FDE5CC2F5FF6}.Debug|Any CPU.Build.0 = Debug|Any CPU
		{C0D842AE-8270-485C-AE55-FDE5CC2F5FF6}.Release|Any CPU.ActiveCfg = Release|Any CPU
		{C0D842AE-8270-485C-AE55-FDE5CC2F5FF6}.Release|Any CPU.Build.0 = Release|Any CPU
		{90B0695C-50A7-46B9-B818-98C537D32F5E}.Debug|Any CPU.ActiveCfg = Debug|Any CPU
		{90B0695C-50A7-46B9-B818-98C537D32F5E}.Debug|Any CPU.Build.0 = Debug|Any CPU
		{90B0695C-50A7-46B9-B818-98C537D32F5E}.Release|Any CPU.ActiveCfg = Release|Any CPU
		{90B0695C-50A7-46B9-B818-98C537D32F5E}.Release|Any CPU.Build.0 = Release|Any CPU
		{FD9287D6-8AA2-45A4-94C1-1F2209F18F15}.Debug|Any CPU.ActiveCfg = Debug|Any CPU
		{FD9287D6-8AA2-45A4-94C1-1F2209F18F15}.Debug|Any CPU.Build.0 = Debug|Any CPU
		{FD9287D6-8AA2-45A4-94C1-1F2209F18F15}.Release|Any CPU.ActiveCfg = Release|Any CPU
		{FD9287D6-8AA2-45A4-94C1-1F2209F18F15}.Release|Any CPU.Build.0 = Release|Any CPU
		{3BE09DB2-542A-464F-8591-86C1D98041BA}.Debug|Any CPU.ActiveCfg = Debug|Any CPU
		{3BE09DB2-542A-464F-8591-86C1D98041BA}.Debug|Any CPU.Build.0 = Debug|Any CPU
		{3BE09DB2-542A-464F-8591-86C1D98041BA}.Release|Any CPU.ActiveCfg = Release|Any CPU
		{3BE09DB2-542A-464F-8591-86C1D98041BA}.Release|Any CPU.Build.0 = Release|Any CPU
		{AA017C66-59A7-420C-91C9-6442F000B531}.Debug|Any CPU.ActiveCfg = Debug|Any CPU
		{AA017C66-59A7-420C-91C9-6442F000B531}.Debug|Any CPU.Build.0 = Debug|Any CPU
		{AA017C66-59A7-420C-91C9-6442F000B531}.Release|Any CPU.ActiveCfg = Release|Any CPU
		{AA017C66-59A7-420C-91C9-6442F000B531}.Release|Any CPU.Build.0 = Release|Any CPU
		{68CD29B6-CEF8-42F0-9D37-C74F42154ED6}.Debug|Any CPU.ActiveCfg = Debug|Any CPU
		{68CD29B6-CEF8-42F0-9D37-C74F42154ED6}.Debug|Any CPU.Build.0 = Debug|Any CPU
		{68CD29B6-CEF8-42F0-9D37-C74F42154ED6}.Release|Any CPU.ActiveCfg = Release|Any CPU
		{68CD29B6-CEF8-42F0-9D37-C74F42154ED6}.Release|Any CPU.Build.0 = Release|Any CPU
		{29C73E73-0C1D-4751-A779-FEFC772825FD}.Debug|Any CPU.ActiveCfg = Debug|Any CPU
		{29C73E73-0C1D-4751-A779-FEFC772825FD}.Debug|Any CPU.Build.0 = Debug|Any CPU
		{29C73E73-0C1D-4751-A779-FEFC772825FD}.Release|Any CPU.ActiveCfg = Release|Any CPU
		{29C73E73-0C1D-4751-A779-FEFC772825FD}.Release|Any CPU.Build.0 = Release|Any CPU
		{3CA0CA72-5F95-46BC-A8B6-43F673C0E6D3}.Debug|Any CPU.ActiveCfg = Debug|Any CPU
		{3CA0CA72-5F95-46BC-A8B6-43F673C0E6D3}.Debug|Any CPU.Build.0 = Debug|Any CPU
		{3CA0CA72-5F95-46BC-A8B6-43F673C0E6D3}.Release|Any CPU.ActiveCfg = Release|Any CPU
		{3CA0CA72-5F95-46BC-A8B6-43F673C0E6D3}.Release|Any CPU.Build.0 = Release|Any CPU
		{C49998EC-A0CF-4CB2-88AF-1743B0A9B7CD}.Debug|Any CPU.ActiveCfg = Debug|Any CPU
		{C49998EC-A0CF-4CB2-88AF-1743B0A9B7CD}.Debug|Any CPU.Build.0 = Debug|Any CPU
		{C49998EC-A0CF-4CB2-88AF-1743B0A9B7CD}.Release|Any CPU.ActiveCfg = Release|Any CPU
		{C49998EC-A0CF-4CB2-88AF-1743B0A9B7CD}.Release|Any CPU.Build.0 = Release|Any CPU
		{3C7E22EB-5159-494D-8D6F-79DA9743E1F6}.Debug|Any CPU.ActiveCfg = Debug|Any CPU
		{3C7E22EB-5159-494D-8D6F-79DA9743E1F6}.Debug|Any CPU.Build.0 = Debug|Any CPU
		{3C7E22EB-5159-494D-8D6F-79DA9743E1F6}.Release|Any CPU.ActiveCfg = Release|Any CPU
		{3C7E22EB-5159-494D-8D6F-79DA9743E1F6}.Release|Any CPU.Build.0 = Release|Any CPU
		{7ABB4CAB-54E2-4568-A960-69FE6A8F559C}.Debug|Any CPU.ActiveCfg = Debug|Any CPU
		{7ABB4CAB-54E2-4568-A960-69FE6A8F559C}.Debug|Any CPU.Build.0 = Debug|Any CPU
		{7ABB4CAB-54E2-4568-A960-69FE6A8F559C}.Release|Any CPU.ActiveCfg = Release|Any CPU
		{7ABB4CAB-54E2-4568-A960-69FE6A8F559C}.Release|Any CPU.Build.0 = Release|Any CPU
		{5BDD5C0C-5AE7-4CA6-A244-46EF1B1B8964}.Debug|Any CPU.ActiveCfg = Debug|Any CPU
		{5BDD5C0C-5AE7-4CA6-A244-46EF1B1B8964}.Debug|Any CPU.Build.0 = Debug|Any CPU
		{5BDD5C0C-5AE7-4CA6-A244-46EF1B1B8964}.Release|Any CPU.ActiveCfg = Release|Any CPU
		{5BDD5C0C-5AE7-4CA6-A244-46EF1B1B8964}.Release|Any CPU.Build.0 = Release|Any CPU
		{7D6C1DC9-CC53-46D1-9E5A-669F88986169}.Debug|Any CPU.ActiveCfg = Debug|Any CPU
		{7D6C1DC9-CC53-46D1-9E5A-669F88986169}.Debug|Any CPU.Build.0 = Debug|Any CPU
		{7D6C1DC9-CC53-46D1-9E5A-669F88986169}.Release|Any CPU.ActiveCfg = Release|Any CPU
		{7D6C1DC9-CC53-46D1-9E5A-669F88986169}.Release|Any CPU.Build.0 = Release|Any CPU
		{E36744F4-BB55-4FD9-8A36-939CEA088076}.Debug|Any CPU.ActiveCfg = Debug|Any CPU
		{E36744F4-BB55-4FD9-8A36-939CEA088076}.Debug|Any CPU.Build.0 = Debug|Any CPU
		{E36744F4-BB55-4FD9-8A36-939CEA088076}.Release|Any CPU.ActiveCfg = Release|Any CPU
		{E36744F4-BB55-4FD9-8A36-939CEA088076}.Release|Any CPU.Build.0 = Release|Any CPU
		{1C077B0A-A5B3-4A3E-9192-772539445FD6}.Debug|Any CPU.ActiveCfg = Debug|Any CPU
		{1C077B0A-A5B3-4A3E-9192-772539445FD6}.Debug|Any CPU.Build.0 = Debug|Any CPU
		{1C077B0A-A5B3-4A3E-9192-772539445FD6}.Release|Any CPU.ActiveCfg = Release|Any CPU
		{1C077B0A-A5B3-4A3E-9192-772539445FD6}.Release|Any CPU.Build.0 = Release|Any CPU
		{A6B244F1-085A-4AA0-A8B6-C1748F522112}.Debug|Any CPU.ActiveCfg = Debug|Any CPU
		{A6B244F1-085A-4AA0-A8B6-C1748F522112}.Debug|Any CPU.Build.0 = Debug|Any CPU
		{A6B244F1-085A-4AA0-A8B6-C1748F522112}.Release|Any CPU.ActiveCfg = Release|Any CPU
		{A6B244F1-085A-4AA0-A8B6-C1748F522112}.Release|Any CPU.Build.0 = Release|Any CPU
		{1E01AAFA-1FB3-4639-BD46-1CF76A09B92A}.Debug|Any CPU.ActiveCfg = Debug|Any CPU
		{1E01AAFA-1FB3-4639-BD46-1CF76A09B92A}.Debug|Any CPU.Build.0 = Debug|Any CPU
		{1E01AAFA-1FB3-4639-BD46-1CF76A09B92A}.Release|Any CPU.ActiveCfg = Release|Any CPU
		{1E01AAFA-1FB3-4639-BD46-1CF76A09B92A}.Release|Any CPU.Build.0 = Release|Any CPU
		{8FAF9F10-3C87-4639-BA04-07469CE0C86F}.Debug|Any CPU.ActiveCfg = Debug|Any CPU
		{8FAF9F10-3C87-4639-BA04-07469CE0C86F}.Debug|Any CPU.Build.0 = Debug|Any CPU
		{8FAF9F10-3C87-4639-BA04-07469CE0C86F}.Release|Any CPU.ActiveCfg = Release|Any CPU
		{8FAF9F10-3C87-4639-BA04-07469CE0C86F}.Release|Any CPU.Build.0 = Release|Any CPU
		{CA1F44AD-C9EC-4AFA-968D-37A48FA03429}.Debug|Any CPU.ActiveCfg = Debug|Any CPU
		{CA1F44AD-C9EC-4AFA-968D-37A48FA03429}.Debug|Any CPU.Build.0 = Debug|Any CPU
		{CA1F44AD-C9EC-4AFA-968D-37A48FA03429}.Release|Any CPU.ActiveCfg = Release|Any CPU
		{CA1F44AD-C9EC-4AFA-968D-37A48FA03429}.Release|Any CPU.Build.0 = Release|Any CPU
		{9C731E37-55B9-4575-A1DC-6F845F67776A}.Debug|Any CPU.ActiveCfg = Debug|Any CPU
		{9C731E37-55B9-4575-A1DC-6F845F67776A}.Debug|Any CPU.Build.0 = Debug|Any CPU
		{9C731E37-55B9-4575-A1DC-6F845F67776A}.Release|Any CPU.ActiveCfg = Release|Any CPU
		{9C731E37-55B9-4575-A1DC-6F845F67776A}.Release|Any CPU.Build.0 = Release|Any CPU
		{0C8F48D6-63CB-4628-AFA5-350823B6E7E4}.Debug|Any CPU.ActiveCfg = Debug|Any CPU
		{0C8F48D6-63CB-4628-AFA5-350823B6E7E4}.Debug|Any CPU.Build.0 = Debug|Any CPU
		{0C8F48D6-63CB-4628-AFA5-350823B6E7E4}.Release|Any CPU.ActiveCfg = Release|Any CPU
		{0C8F48D6-63CB-4628-AFA5-350823B6E7E4}.Release|Any CPU.Build.0 = Release|Any CPU
		{030D55CD-4F1F-41E2-93A0-66A816B118DE}.Debug|Any CPU.ActiveCfg = Debug|Any CPU
		{030D55CD-4F1F-41E2-93A0-66A816B118DE}.Debug|Any CPU.Build.0 = Debug|Any CPU
		{030D55CD-4F1F-41E2-93A0-66A816B118DE}.Release|Any CPU.ActiveCfg = Release|Any CPU
		{030D55CD-4F1F-41E2-93A0-66A816B118DE}.Release|Any CPU.Build.0 = Release|Any CPU
		{74FAFEB3-20C5-47AC-A08C-B1D5DD7D771C}.Debug|Any CPU.ActiveCfg = Debug|Any CPU
		{74FAFEB3-20C5-47AC-A08C-B1D5DD7D771C}.Debug|Any CPU.Build.0 = Debug|Any CPU
		{74FAFEB3-20C5-47AC-A08C-B1D5DD7D771C}.Release|Any CPU.ActiveCfg = Release|Any CPU
		{74FAFEB3-20C5-47AC-A08C-B1D5DD7D771C}.Release|Any CPU.Build.0 = Release|Any CPU
	EndGlobalSection
	GlobalSection(SolutionProperties) = preSolution
		HideSolutionNode = FALSE
	EndGlobalSection
	GlobalSection(ExtensibilityGlobals) = postSolution
		SolutionGuid = {703E9B39-1621-473F-9B1C-8DC43B9F605E}
	EndGlobalSection
EndGlobal
